
Microsoft Visual Studio Solution File, Format Version 12.00
# Visual Studio 14
VisualStudioVersion = 14.0.25420.1
MinimumVisualStudioVersion = 10.0.40219.1
Project("{FAE04EC0-301F-11D3-BF4B-00C04F79EFBC}") = "RamsesDemoADFS", "RamsesDemoADFS\RamsesDemoADFS.csproj", "{69DB5E3A-08AD-48C1-946A-2BFC82B074F8}"
EndProject
Project("{FAE04EC0-301F-11D3-BF4B-00C04F79EFBC}") = "WebApp-WSFDemo", "WebApp-WSFDemo\WebApp-WSFDemo.csproj", "{AD48E73F-06CE-4CDF-B719-392309954A29}"
EndProject
Project("{FAE04EC0-301F-11D3-BF4B-00C04F79EFBC}") = "WebApp-WSFederation-DotNet", "WebApp-WSFederation-DotNet\WebApp-WSFederation-DotNet.csproj", "{D4960069-0AB5-42D5-B711-722681DBCA0F}"
EndProject
Project("{FAE04EC0-301F-11D3-BF4B-00C04F79EFBC}") = "AzureAdSampleOpenId", "AzureAdSample\AzureAdSampleOpenId.csproj", "{335E1B32-3DE0-4CFE-9518-407AF7ACF756}"
EndProject
Project("{8BB2217D-0F2D-49D1-97BC-3654ED321F3B}") = "AzureAdSampleWithCoreOpenId", "AzureAdSampleWithCore\AzureAdSampleWithCoreOpenId.xproj", "{03F6DCB6-BACC-4F17-847D-27E5D0C2041B}"
EndProject
Project("{8BB2217D-0F2D-49D1-97BC-3654ED321F3B}") = "TestAmarAdOpenIdDotNetCore", "TestAmarAdOpenIdDotNetCore\TestAmarAdOpenIdDotNetCore.xproj", "{44306C74-D098-4427-A9A1-F36BD9AC7671}"
EndProject
Project("{8BB2217D-0F2D-49D1-97BC-3654ED321F3B}") = "AspNetCoreAuthCookieTest", "AspNetCoreAuthCookieTest\AspNetCoreAuthCookieTest.xproj", "{2201D238-095C-4DE8-98FD-C7FD136B6BD2}"
EndProject
Global
	GlobalSection(SolutionConfigurationPlatforms) = preSolution
		Debug|Any CPU = Debug|Any CPU
		Release|Any CPU = Release|Any CPU
	EndGlobalSection
	GlobalSection(ProjectConfigurationPlatforms) = postSolution
		{69DB5E3A-08AD-48C1-946A-2BFC82B074F8}.Debug|Any CPU.ActiveCfg = Debug|Any CPU
		{69DB5E3A-08AD-48C1-946A-2BFC82B074F8}.Debug|Any CPU.Build.0 = Debug|Any CPU
		{69DB5E3A-08AD-48C1-946A-2BFC82B074F8}.Release|Any CPU.ActiveCfg = Release|Any CPU
		{69DB5E3A-08AD-48C1-946A-2BFC82B074F8}.Release|Any CPU.Build.0 = Release|Any CPU
		{AD48E73F-06CE-4CDF-B719-392309954A29}.Debug|Any CPU.ActiveCfg = Debug|Any CPU
		{AD48E73F-06CE-4CDF-B719-392309954A29}.Debug|Any CPU.Build.0 = Debug|Any CPU
		{AD48E73F-06CE-4CDF-B719-392309954A29}.Release|Any CPU.ActiveCfg = Release|Any CPU
		{AD48E73F-06CE-4CDF-B719-392309954A29}.Release|Any CPU.Build.0 = Release|Any CPU
		{D4960069-0AB5-42D5-B711-722681DBCA0F}.Debug|Any CPU.ActiveCfg = Debug|Any CPU
		{D4960069-0AB5-42D5-B711-722681DBCA0F}.Debug|Any CPU.Build.0 = Debug|Any CPU
		{D4960069-0AB5-42D5-B711-722681DBCA0F}.Release|Any CPU.ActiveCfg = Release|Any CPU
		{D4960069-0AB5-42D5-B711-722681DBCA0F}.Release|Any CPU.Build.0 = Release|Any CPU
		{335E1B32-3DE0-4CFE-9518-407AF7ACF756}.Debug|Any CPU.ActiveCfg = Debug|Any CPU
		{335E1B32-3DE0-4CFE-9518-407AF7ACF756}.Debug|Any CPU.Build.0 = Debug|Any CPU
		{335E1B32-3DE0-4CFE-9518-407AF7ACF756}.Release|Any CPU.ActiveCfg = Release|Any CPU
		{335E1B32-3DE0-4CFE-9518-407AF7ACF756}.Release|Any CPU.Build.0 = Release|Any CPU
		{03F6DCB6-BACC-4F17-847D-27E5D0C2041B}.Debug|Any CPU.ActiveCfg = Debug|Any CPU
		{03F6DCB6-BACC-4F17-847D-27E5D0C2041B}.Debug|Any CPU.Build.0 = Debug|Any CPU
		{03F6DCB6-BACC-4F17-847D-27E5D0C2041B}.Release|Any CPU.ActiveCfg = Release|Any CPU
		{03F6DCB6-BACC-4F17-847D-27E5D0C2041B}.Release|Any CPU.Build.0 = Release|Any CPU
		{44306C74-D098-4427-A9A1-F36BD9AC7671}.Debug|Any CPU.ActiveCfg = Debug|Any CPU
		{44306C74-D098-4427-A9A1-F36BD9AC7671}.Debug|Any CPU.Build.0 = Debug|Any CPU
		{44306C74-D098-4427-A9A1-F36BD9AC7671}.Release|Any CPU.ActiveCfg = Release|Any CPU
		{44306C74-D098-4427-A9A1-F36BD9AC7671}.Release|Any CPU.Build.0 = Release|Any CPU
		{2201D238-095C-4DE8-98FD-C7FD136B6BD2}.Debug|Any CPU.ActiveCfg = Debug|Any CPU
		{2201D238-095C-4DE8-98FD-C7FD136B6BD2}.Debug|Any CPU.Build.0 = Debug|Any CPU
		{2201D238-095C-4DE8-98FD-C7FD136B6BD2}.Release|Any CPU.ActiveCfg = Release|Any CPU
		{2201D238-095C-4DE8-98FD-C7FD136B6BD2}.Release|Any CPU.Build.0 = Release|Any CPU
	EndGlobalSection
	GlobalSection(SolutionProperties) = preSolution
		HideSolutionNode = FALSE
	EndGlobalSection
EndGlobal
